{
  "name": "language-java",
  "version": "0.32.1",
  "lockfileVersion": 3,
  "requires": true,
  "packages": {
    "": {
      "name": "language-java",
      "version": "0.32.1",
      "license": "MIT",
      "dependencies": {
        "tree-sitter-java": "0.19.1"
      },
      "engines": {
        "atom": "*",
        "node": "*"
      }
    },
    "node_modules/nan": {
      "version": "2.14.1",
      "resolved": "https://registry.npmjs.org/nan/-/nan-2.14.1.tgz",
      "integrity": "sha512-isWHgVjnFjh2x2yuJ/tj3JbwoHu3UC2dX5G/88Cm24yB6YopVgxvBObDY7n5xW6ExmFhJpSEQqFPvq9zaXc8Jw=="
    },
    "node_modules/tree-sitter-java": {
      "version": "0.19.1",
      "resolved": "https://registry.npmjs.org/tree-sitter-java/-/tree-sitter-java-0.19.1.tgz",
      "integrity": "sha512-yVm+4q1D4niaHcEf2iqhOcIaiSp3wxHjeC4eoLAqSQNVxSrhThmT1FEfM4yDgHV4XaxH+62xpKHCwYG9NzRt6Q==",
      "hasInstallScript": true,
      "dependencies": {
        "nan": "^2.14.1"
      }
    }
  }
}
