{
  "name": "language-property-list",
  "version": "0.9.1",
  "lockfileVersion": 3,
  "requires": true,
  "packages": {
    "": {
      "name": "language-property-list",
      "version": "0.9.1",
      "license": "MIT",
      "engines": {
        "atom": "*",
        "node": "*"
      }
    }
  }
}
