{
  "name": "language-sass",
  "version": "0.62.2",
  "lockfileVersion": 3,
  "requires": true,
  "packages": {
    "": {
      "name": "language-sass",
      "version": "0.62.2",
      "license": "MIT",
      "devDependencies": {
        "dedent": "^0.7.0"
      },
      "engines": {
        "atom": "*",
        "node": "*"
      }
    },
    "node_modules/dedent": {
      "version": "0.7.0",
      "resolved": "https://registry.npmjs.org/dedent/-/dedent-0.7.0.tgz",
      "integrity": "sha1-JJXduvbrh0q7Dhvp3yLS5aVEMmw=",
      "dev": true
    }
  }
}
