{
  "name": "language-html",
  "version": "0.53.1",
  "lockfileVersion": 3,
  "requires": true,
  "packages": {
    "": {
      "name": "language-html",
      "version": "0.53.1",
      "license": "MIT",
      "dependencies": {
        "atom-grammar-test": "^0.6.3",
        "tree-sitter-embedded-template": "0.19.0",
        "tree-sitter-html": "0.19.0"
      },
      "devDependencies": {
        "dedent": "^0.7.0"
      },
      "engines": {
        "atom": "*",
        "node": "*"
      }
    },
    "node_modules/atom-grammar-test": {
      "version": "0.6.4",
      "resolved": "https://registry.npmjs.org/atom-grammar-test/-/atom-grammar-test-0.6.4.tgz",
      "integrity": "sha1-2KU1A9H+k5mX9Ji3SirDEARKfU4=",
      "dependencies": {
        "chevrotain": "^0.18.0",
        "escape-string-regexp": "^1.0.5"
      },
      "engines": {
        "atom": ">=1.0.0 <2.0.0"
      }
    },
    "node_modules/chevrotain": {
      "version": "0.18.0",
      "resolved": "https://registry.npmjs.org/chevrotain/-/chevrotain-0.18.0.tgz",
      "integrity": "sha1-sodxTjFZC64sXR4vYRZz7+xHnYA="
    },
    "node_modules/dedent": {
      "version": "0.7.0",
      "resolved": "https://registry.npmjs.org/dedent/-/dedent-0.7.0.tgz",
      "integrity": "sha1-JJXduvbrh0q7Dhvp3yLS5aVEMmw=",
      "dev": true
    },
    "node_modules/escape-string-regexp": {
      "version": "1.0.5",
      "resolved": "https://registry.npmjs.org/escape-string-regexp/-/escape-string-regexp-1.0.5.tgz",
      "integrity": "sha1-G2HAViGQqN/2rjuyzwIAyhMLhtQ=",
      "engines": {
        "node": ">=0.8.0"
      }
    },
    "node_modules/nan": {
      "version": "2.14.0",
      "resolved": "https://registry.npmjs.org/nan/-/nan-2.14.0.tgz",
      "integrity": "sha512-INOFj37C7k3AfaNTtX8RhsTw7qRy7eLET14cROi9+5HAVbbHuIWUHEauBv5qT4Av2tWasiTY1Jw6puUNqRJXQg=="
    },
    "node_modules/tree-sitter-embedded-template": {
      "version": "0.19.0",
      "resolved": "https://registry.npmjs.org/tree-sitter-embedded-template/-/tree-sitter-embedded-template-0.19.0.tgz",
      "integrity": "sha512-J80/G0xRHlIxv0gNfvW8zHMZeD9nqnSKV4nMB5t0RAW/W/nM5io/gojk0ppWuWKMuyYNs3KKXIqP0i43jVkdkQ==",
      "hasInstallScript": true,
      "dependencies": {
        "nan": "^2.14.0"
      }
    },
    "node_modules/tree-sitter-html": {
      "version": "0.19.0",
      "resolved": "https://registry.npmjs.org/tree-sitter-html/-/tree-sitter-html-0.19.0.tgz",
      "integrity": "sha512-xH6XGSBWzb4oU/aG6gouMRQKsd96iKuy0zboUqo3wcIWrA++q9a7CmQTSeIINiSfOXjT2ZLJciXFDgAh6h04Bw==",
      "hasInstallScript": true,
      "dependencies": {
        "nan": "^2.14.0"
      }
    }
  }
}
