{
  "name": "language-ruby",
  "version": "0.73.0",
  "lockfileVersion": 3,
  "requires": true,
  "packages": {
    "": {
      "name": "language-ruby",
      "version": "0.73.0",
      "license": "MIT",
      "devDependencies": {
        "dedent": "^0.7.0"
      },
      "engines": {
        "atom": "*",
        "node": ">=12"
      }
    },
    "node_modules/dedent": {
      "version": "0.7.0",
      "resolved": "https://registry.npmjs.org/dedent/-/dedent-0.7.0.tgz",
      "integrity": "sha512-Q6fKUPqnAHAyhiUgFU7BUzLiv0kd8saH9al7tnu5Q/okj6dnupxyTgFIBjVzJATdfIAm9NAsvXNzjaKa+bxVyA==",
      "dev": true
    }
  }
}
