{
  "name": "language-typescript",
  "version": "0.4.11",
  "lockfileVersion": 1,
  "requires": true,
  "dependencies": {
    "nan": {
      "version": "2.11.1",
      "resolved": "https://registry.npmjs.org/nan/-/nan-2.11.1.tgz",
      "integrity": "sha512-iji6k87OSXa0CcrLl9z+ZiYSuR2o+c0bGuNmXdrhTQTakxytAFsC56SArGYoiHlJlFoHSnvmhpceZJaXkVuOtA=="
    },
    "tree-sitter-typescript": {
      "version": "0.13.5",
      "resolved": "https://registry.npmjs.org/tree-sitter-typescript/-/tree-sitter-typescript-0.13.5.tgz",
      "integrity": "sha512-CgPsxcs0Sg/ea3R0tEoHxTTfPzu4TPfCJBAyFGD73MPYuaPbIlOMQjhaNEYf65payh3kbkuBcXLT68My6BF0Fw==",
      "requires": {
        "nan": "^2.10.0"
      }
    }
  }
}
