{
  "name": "language-typescript",
  "version": "0.4.4",
  "lockfileVersion": 1,
  "requires": true,
  "dependencies": {
    "nan": {
      "version": "2.10.0",
      "resolved": "https://registry.npmjs.org/nan/-/nan-2.10.0.tgz",
      "integrity": "sha512-bAdJv7fBLhWC+/Bls0Oza+mvTaNQtP+1RyhhhvD95pgUJz6XM5IzgmxOkItJ9tkoCiplvAnXI1tNmmUD/eScyA=="
    },
    "tree-sitter-typescript": {
      "version": "0.13.1",
      "resolved": "https://registry.npmjs.org/tree-sitter-typescript/-/tree-sitter-typescript-0.13.1.tgz",
      "integrity": "sha512-hG0gqrgrzAvpHV7+TOFmc2eEQjN5a5O/OP9vyJMiQbsRNp/hie7UCAXYoOQ2b78d+IJjIbbr/mOJ3B00r3ICdw==",
      "requires": {
        "nan": "^2.10.0"
      }
    }
  }
}
