{
  "name": "about",
  "version": "1.9.1",
  "lockfileVersion": 3,
  "requires": true,
  "packages": {
    "": {
      "name": "about",
      "version": "1.9.1",
      "license": "MIT",
      "dependencies": {
        "etch": "0.9.0",
        "semver": "^5.5.0"
      },
      "engines": {
        "atom": ">=1.7 <2.0.0"
      }
    },
    "node_modules/etch": {
      "version": "0.9.0",
      "resolved": "https://registry.npmjs.org/etch/-/etch-0.9.0.tgz",
      "integrity": "sha1-CSJpiPLO4GkL3yCMyyXkFNXfrV8="
    },
    "node_modules/semver": {
      "version": "5.5.1",
      "resolved": "https://registry.npmjs.org/semver/-/semver-5.5.1.tgz",
      "integrity": "sha512-PqpAxfrEhlSUWge8dwIp4tZnQ25DIOthpiaHNIthsjEFQD6EvqUKUDM7L8O2rShkFccYo1VjJR0coWfNkCubRw==",
      "bin": {
        "semver": "bin/semver"
      }
    }
  }
}
