{
  "name": "language-shellscript",
  "version": "0.28.2",
  "lockfileVersion": 3,
  "requires": true,
  "packages": {
    "": {
      "name": "language-shellscript",
      "version": "0.28.2",
      "license": "MIT",
      "engines": {
        "atom": "*",
        "node": ">=12"
      }
    }
  }
}
