{
  "name": "language-javascript",
  "version": "0.134.2",
  "lockfileVersion": 3,
  "requires": true,
  "packages": {
    "": {
      "name": "language-javascript",
      "version": "0.134.2",
      "license": "MIT",
      "engines": {
        "atom": "*",
        "node": ">=16"
      }
    }
  }
}
