{
  "name": "language-javascript",
  "version": "0.134.2",
  "lockfileVersion": 3,
  "requires": true,
  "packages": {
    "": {
      "name": "language-javascript",
      "version": "0.134.2",
      "license": "MIT",
      "dependencies": {
        "tree-sitter-javascript": "0.19.0",
        "tree-sitter-jsdoc": "0.19.0",
        "tree-sitter-regex": "0.19.0"
      },
      "engines": {
        "atom": "*",
        "node": "*"
      }
    },
    "node_modules/nan": {
      "version": "2.17.0",
      "resolved": "https://registry.npmjs.org/nan/-/nan-2.17.0.tgz",
      "integrity": "sha512-2ZTgtl0nJsO0KQCjEpxcIr5D+Yv90plTitZt9JBfQvVJDS5seMl3FOvsh3+9CoYWXf/1l5OaZzzF6nDm4cagaQ=="
    },
    "node_modules/tree-sitter-javascript": {
      "version": "0.19.0",
      "resolved": "https://registry.npmjs.org/tree-sitter-javascript/-/tree-sitter-javascript-0.19.0.tgz",
      "integrity": "sha512-SNykDdNgmlJZhX02ZIu0TQF9P7t847jV7769SxA9XrZ2QXjofQsVTMEi9+LpXZKsI0UoFYI25FnZm3fFm0z2yw==",
      "hasInstallScript": true,
      "dependencies": {
        "nan": "^2.12.1"
      }
    },
    "node_modules/tree-sitter-jsdoc": {
      "version": "0.19.0",
      "resolved": "https://registry.npmjs.org/tree-sitter-jsdoc/-/tree-sitter-jsdoc-0.19.0.tgz",
      "integrity": "sha512-E2DgqInWSw+1wv+7uyJu0oYhWns0xaOSccqe4crLNnxo9uAQBjySaum8mNAfTu8Rh6jAnDr2DxuzKUBhOQxOwg==",
      "hasInstallScript": true,
      "dependencies": {
        "nan": "^2.14.1"
      }
    },
    "node_modules/tree-sitter-regex": {
      "version": "0.19.0",
      "resolved": "https://registry.npmjs.org/tree-sitter-regex/-/tree-sitter-regex-0.19.0.tgz",
      "integrity": "sha512-hKaGO6ect2MuGwY+PU89JJdkgwRRseDgVNiRaZTLXQyW8vAsZLOb/tkphY9NF9U+ZOeLATotKwG+rLykYYWXyA==",
      "hasInstallScript": true,
      "dependencies": {
        "nan": "^2.14.1"
      }
    }
  }
}
