{
  "name": "image-view",
  "version": "0.64.0",
  "lockfileVersion": 3,
  "requires": true,
  "packages": {
    "": {
      "name": "image-view",
      "version": "0.64.0",
      "license": "MIT",
      "dependencies": {
        "bytes": "^3.0.0",
        "etch": "0.9.0"
      },
      "engines": {
        "atom": "*"
      }
    },
    "node_modules/bytes": {
      "version": "3.0.0",
      "resolved": "https://registry.npmjs.org/bytes/-/bytes-3.0.0.tgz",
      "integrity": "sha1-0ygVQE1olpn4Wk6k+odV3ROpYEg=",
      "engines": {
        "node": ">= 0.8"
      }
    },
    "node_modules/etch": {
      "version": "0.9.0",
      "resolved": "https://registry.npmjs.org/etch/-/etch-0.9.0.tgz",
      "integrity": "sha1-CSJpiPLO4GkL3yCMyyXkFNXfrV8="
    }
  }
}
