{
  "name": "language-coffee-script",
  "version": "0.50.0",
  "lockfileVersion": 3,
  "requires": true,
  "packages": {
    "": {
      "name": "language-coffee-script",
      "version": "0.50.0",
      "license": "MIT",
      "engines": {
        "atom": "*",
        "node": "*"
      }
    }
  }
}
