{
  "name": "language-rust-bundled",
  "version": "0.1.1",
  "lockfileVersion": 3,
  "requires": true,
  "packages": {
    "": {
      "name": "language-rust-bundled",
      "version": "0.1.1",
      "license": "MIT",
      "dependencies": {
        "tree-sitter-rust": "0.20.1"
      },
      "engines": {
        "atom": ">=1.0.0 <2.0.0"
      }
    },
    "node_modules/nan": {
      "version": "2.17.0",
      "license": "MIT"
    },
    "node_modules/tree-sitter-rust": {
      "version": "0.20.1",
      "hasInstallScript": true,
      "license": "MIT",
      "dependencies": {
        "nan": "^2.14.0"
      }
    }
  }
}
