{
  "name": "language-rust-bundled",
  "version": "0.1.1",
  "lockfileVersion": 3,
  "requires": true,
  "packages": {
    "": {
      "name": "language-rust-bundled",
      "version": "0.1.1",
      "license": "MIT",
      "dependencies": {
        "tree-sitter-rust": "0.20.1"
      },
      "engines": {
        "atom": ">=1.0.0 <2.0.0"
      }
    },
    "node_modules/nan": {
      "version": "2.17.0",
      "resolved": "https://registry.npmjs.org/nan/-/nan-2.17.0.tgz",
      "integrity": "sha512-2ZTgtl0nJsO0KQCjEpxcIr5D+Yv90plTitZt9JBfQvVJDS5seMl3FOvsh3+9CoYWXf/1l5OaZzzF6nDm4cagaQ=="
    },
    "node_modules/tree-sitter-rust": {
      "version": "0.20.1",
      "resolved": "https://registry.npmjs.org/tree-sitter-rust/-/tree-sitter-rust-0.20.1.tgz",
      "integrity": "sha512-du8yLJBnjzjynQDPlt4IhbHgGHq2o/hdUGrHuedyAd5008i3ghB6trDB805B9qXNPFJGNy8gY0kxQPak2zOsFw==",
      "hasInstallScript": true,
      "dependencies": {
        "nan": "^2.14.0"
      }
    }
  }
}
