{
  "name": "language-rust-bundled",
  "version": "0.1.1",
  "lockfileVersion": 3,
  "requires": true,
  "packages": {
    "": {
      "name": "language-rust-bundled",
      "version": "0.1.1",
      "license": "MIT",
      "engines": {
        "atom": ">=1.0.0 <2.0.0",
        "node": ">=12"
      }
    }
  }
}
