{
  "name": "bracket-matcher",
  "version": "0.92.0",
  "lockfileVersion": 2,
  "requires": true,
  "packages": {
    "": {
      "name": "bracket-matcher",
      "version": "0.92.0",
      "license": "MIT",
      "dependencies": {
        "underscore-plus": "1.x"
      },
      "engines": {
        "atom": "*"
      }
    },
    "node_modules/underscore": {
      "version": "1.12.1",
      "integrity": "sha512-hEQt0+ZLDVUMhebKxL4x1BTtDY7bavVofhZ9KZ4aI26X9SRaE+Y3m83XUL1UP2jn8ynjndwCCpEHdUG+9pP1Tw=="
    },
    "node_modules/underscore-plus": {
      "version": "1.7.0",
      "integrity": "sha512-A3BEzkeicFLnr+U/Q3EyWwJAQPbA19mtZZ4h+lLq3ttm9kn8WC4R3YpuJZEXmWdLjYP47Zc8aLZm9kwdv+zzvA==",
      "dependencies": {
        "underscore": "^1.9.1"
      }
    }
  },
  "dependencies": {
    "underscore": {
      "version": "1.12.1",
      "integrity": "sha512-hEQt0+ZLDVUMhebKxL4x1BTtDY7bavVofhZ9KZ4aI26X9SRaE+Y3m83XUL1UP2jn8ynjndwCCpEHdUG+9pP1Tw=="
    },
    "underscore-plus": {
      "version": "1.7.0",
      "integrity": "sha512-A3BEzkeicFLnr+U/Q3EyWwJAQPbA19mtZZ4h+lLq3ttm9kn8WC4R3YpuJZEXmWdLjYP47Zc8aLZm9kwdv+zzvA==",
      "requires": {
        "underscore": "^1.9.1"
      }
    }
  }
}
