{
  "name": "bracket-matcher",
  "version": "0.92.0",
  "lockfileVersion": 2,
  "requires": true,
  "packages": {
    "": {
      "name": "bracket-matcher",
      "version": "0.92.0",
      "license": "MIT",
      "dependencies": {
        "underscore-plus": "1.x"
      },
      "engines": {
        "atom": "*"
      }
    },
    "node_modules/underscore": {
      "version": "1.8.3",
      "resolved": "https://registry.npmjs.org/underscore/-/underscore-1.8.3.tgz",
      "integrity": "sha1-Tz+1OxBuYJf8+ctBCfKl6b36UCI="
    },
    "node_modules/underscore-plus": {
      "version": "1.6.8",
      "resolved": "https://registry.npmjs.org/underscore-plus/-/underscore-plus-1.6.8.tgz",
      "integrity": "sha512-88PrCeMKeAAC1L4xjSiiZ3Fg6kZOYrLpLGVPPeqKq/662DfQe/KTSKdSR/Q/tucKNnfW2MNAUGSCkDf8HmXC5Q==",
      "dependencies": {
        "underscore": "~1.8.3"
      }
    }
  },
  "dependencies": {
    "underscore": {
      "version": "1.8.3",
      "resolved": "https://registry.npmjs.org/underscore/-/underscore-1.8.3.tgz",
      "integrity": "sha1-Tz+1OxBuYJf8+ctBCfKl6b36UCI="
    },
    "underscore-plus": {
      "version": "1.6.8",
      "resolved": "https://registry.npmjs.org/underscore-plus/-/underscore-plus-1.6.8.tgz",
      "integrity": "sha512-88PrCeMKeAAC1L4xjSiiZ3Fg6kZOYrLpLGVPPeqKq/662DfQe/KTSKdSR/Q/tucKNnfW2MNAUGSCkDf8HmXC5Q==",
      "requires": {
        "underscore": "~1.8.3"
      }
    }
  }
}
