{
  "name": "language-gfm",
  "version": "0.90.8",
  "lockfileVersion": 3,
  "requires": true,
  "packages": {
    "": {
      "name": "language-gfm",
      "version": "0.90.8",
      "license": "MIT",
      "devDependencies": {
        "coffeescript": "^1.7.0"
      },
      "engines": {
        "atom": "*"
      }
    },
    "node_modules/coffeescript": {
      "version": "1.7.0",
      "resolved": "https://registry.npmjs.org/coffeescript/-/coffeescript-1.7.0.tgz",
      "integrity": "sha512-qRRHmRVRomUAtkx1+9lmgAnwpoFaHjJPLnUtwDQbwdbFGGeeEojYxMa/hTHnp/7YeezyjvHgzYUzrWPPzfNBFw==",
      "dev": true,
      "dependencies": {
        "mkdirp": "~0.3.5"
      },
      "bin": {
        "cake": "bin/cake",
        "coffee": "bin/coffee"
      },
      "engines": {
        "node": ">=0.8.0"
      }
    },
    "node_modules/mkdirp": {
      "version": "0.3.5",
      "resolved": "https://registry.npmjs.org/mkdirp/-/mkdirp-0.3.5.tgz",
      "integrity": "sha512-8OCq0De/h9ZxseqzCH8Kw/Filf5pF/vMI6+BH7Lu0jXz2pqYCjTAQRolSxRIi+Ax+oCCjlxoJMP0YQ4XlrQNHg==",
      "deprecated": "Legacy versions of mkdirp are no longer supported. Please update to mkdirp 1.x. (Note that the API surface has changed to use Promises in 1.x.)",
      "dev": true
    }
  }
}
