{
  "name": "incompatible-packages",
  "version": "0.27.3",
  "lockfileVersion": 3,
  "requires": true,
  "packages": {
    "": {
      "name": "incompatible-packages",
      "version": "0.27.3",
      "license": "MIT",
      "dependencies": {
        "etch": "^0.12.2"
      },
      "engines": {
        "atom": ">0.50.0"
      }
    },
    "node_modules/etch": {
      "version": "0.12.8",
      "resolved": "https://registry.npmjs.org/etch/-/etch-0.12.8.tgz",
      "integrity": "sha512-dFLRe4wLroVtwzyy1vGlE3BSDZHiL0kZME5XgNGzZIULcYTvVno8vbiIleAesoKJmwWaxDTzG+4eppg2zk14JQ=="
    }
  }
}
