{
  "name": "grammar-finder",
  "lockfileVersion": 2,
  "requires": true,
  "packages": {
    "": {
      "name": "grammar-finder",
      "license": "MIT",
      "dependencies": {
        "atom-select-list": "pulsar-edit/atom-select-list"
      },
      "engines": {
        "atom": ">=1.114"
      }
    },
    "node_modules/atom-select-list": {
      "version": "0.8.1",
      "resolved": "git+ssh://git@github.com/pulsar-edit/atom-select-list.git#a7861d70f8af532971dd3f0b87500e94b603200e",
      "license": "MIT",
      "dependencies": {
        "etch": "^0.14.0",
        "fuzzaldrin": "^2.1.0"
      }
    },
    "node_modules/atom-select-list/node_modules/etch": {
      "version": "0.14.1",
      "resolved": "https://registry.npmjs.org/etch/-/etch-0.14.1.tgz",
      "integrity": "sha512-+IwqSDBhaQFMUHJu4L/ir0dhDoW5IIihg4Z9lzsIxxne8V0PlSg0gnk2STaKWjGJQnDR4cxpA+a/dORX9kycTA=="
    },
    "node_modules/fuzzaldrin": {
      "version": "2.1.0",
      "resolved": "https://registry.npmjs.org/fuzzaldrin/-/fuzzaldrin-2.1.0.tgz",
      "integrity": "sha512-zgllBYwfHR5P3CncJiGbGVPpa3iFYW1yuPaIv8DiTVRrcg5/6uETNL5zvIoKflG1aifXVUZTlIroDehw4WygGA=="
    }
  },
  "dependencies": {
    "atom-select-list": {
      "version": "git+ssh://git@github.com/pulsar-edit/atom-select-list.git#a7861d70f8af532971dd3f0b87500e94b603200e",
      "from": "atom-select-list@pulsar-edit/atom-select-list",
      "requires": {
        "etch": "^0.14.0",
        "fuzzaldrin": "^2.1.0"
      },
      "dependencies": {
        "etch": {
          "version": "0.14.1",
          "resolved": "https://registry.npmjs.org/etch/-/etch-0.14.1.tgz",
          "integrity": "sha512-+IwqSDBhaQFMUHJu4L/ir0dhDoW5IIihg4Z9lzsIxxne8V0PlSg0gnk2STaKWjGJQnDR4cxpA+a/dORX9kycTA=="
        }
      }
    },
    "fuzzaldrin": {
      "version": "2.1.0",
      "resolved": "https://registry.npmjs.org/fuzzaldrin/-/fuzzaldrin-2.1.0.tgz",
      "integrity": "sha512-zgllBYwfHR5P3CncJiGbGVPpa3iFYW1yuPaIv8DiTVRrcg5/6uETNL5zvIoKflG1aifXVUZTlIroDehw4WygGA=="
    }
  }
}
