{
  "name": "language-ruby-on-rails",
  "version": "0.25.3",
  "lockfileVersion": 3,
  "requires": true,
  "packages": {
    "": {
      "name": "language-ruby-on-rails",
      "version": "0.25.3",
      "license": "MIT",
      "engines": {
        "atom": "*",
        "node": "*"
      }
    }
  }
}
