{
  "name": "language-typescript",
  "version": "0.6.4",
  "lockfileVersion": 1,
  "requires": true,
  "dependencies": {
    "nan": {
      "version": "2.16.0",
      "resolved": "https://registry.npmjs.org/nan/-/nan-2.16.0.tgz",
      "integrity": "sha512-UdAqHyFngu7TfQKsCBgAA6pWDkT8MAO7d0jyOecVhN5354xbLqdn8mV9Tat9gepAupm0bt2DbeaSC8vS52MuFA=="
    },
    "tree-sitter-typescript": {
      "version": "0.20.1",
      "resolved": "https://registry.npmjs.org/tree-sitter-typescript/-/tree-sitter-typescript-0.20.1.tgz",
      "integrity": "sha512-wqpnhdVYX26ATNXeZtprib4+mF2GlYQB1cjRPibYGxDRiugx5OfjWwLE4qPPxEGdp2ZLSmZVesGUjLWzfKo6rA==",
      "requires": {
        "nan": "^2.14.0"
      }
    }
  }
}
