{
  "name": "language-typescript",
  "version": "0.6.4",
  "lockfileVersion": 3,
  "requires": true,
  "packages": {
    "": {
      "name": "language-typescript",
      "version": "0.6.4",
      "license": "MIT",
      "engines": {
        "atom": ">=1.19.1",
        "node": ">=12"
      }
    }
  }
}
